
Microsoft Visual Studio Solution File, Format Version 12.00
# Visual Studio Version 16
VisualStudioVersion = 16.0.30611.23
MinimumVisualStudioVersion = 10.0.40219.1
Project("{FAE04EC0-301F-11D3-BF4B-00C04F79EFBC}") = "CompGoggle", "CompGoggle.csproj", "{E5F190BE-6330-4887-AA56-A3772931A51A}"
EndProject
Global
	GlobalSection(SolutionConfigurationPlatforms) = preSolution
		Debug|Any CPU = Debug|Any CPU
		Release|Any CPU = Release|Any CPU
	EndGlobalSection
	GlobalSection(ProjectConfigurationPlatforms) = postSolution
		{E5F190BE-6330-4887-AA56-A3772931A51A}.Debug|Any CPU.ActiveCfg = Debug|Any CPU
		{E5F190BE-6330-4887-AA56-A3772931A51A}.Debug|Any CPU.Build.0 = Debug|Any CPU
		{E5F190BE-6330-4887-AA56-A3772931A51A}.Release|Any CPU.ActiveCfg = Release|Any CPU
		{E5F190BE-6330-4887-AA56-A3772931A51A}.Release|Any CPU.Build.0 = Release|Any CPU
	EndGlobalSection
	GlobalSection(SolutionProperties) = preSolution
		HideSolutionNode = FALSE
	EndGlobalSection
	GlobalSection(ExtensibilityGlobals) = postSolution
		SolutionGuid = {E9A7B36B-021B-4EB6-9034-47CBAB98D930}
	EndGlobalSection
EndGlobal
