
Microsoft Visual Studio Solution File, Format Version 12.00
# Visual Studio Version 16
VisualStudioVersion = 16.0.30611.23
MinimumVisualStudioVersion = 10.0.40219.1
Project("{FAE04EC0-301F-11D3-BF4B-00C04F79EFBC}") = "VoidEvents", "VoidEvents.csproj", "{4C20ACA1-21E0-4F8E-80FE-4EA3F19252E8}"
EndProject
Global
	GlobalSection(SolutionConfigurationPlatforms) = preSolution
		Debug|Any CPU = Debug|Any CPU
		Release|Any CPU = Release|Any CPU
	EndGlobalSection
	GlobalSection(ProjectConfigurationPlatforms) = postSolution
		{4C20ACA1-21E0-4F8E-80FE-4EA3F19252E8}.Debug|Any CPU.ActiveCfg = Debug|Any CPU
		{4C20ACA1-21E0-4F8E-80FE-4EA3F19252E8}.Debug|Any CPU.Build.0 = Debug|Any CPU
		{4C20ACA1-21E0-4F8E-80FE-4EA3F19252E8}.Release|Any CPU.ActiveCfg = Release|Any CPU
		{4C20ACA1-21E0-4F8E-80FE-4EA3F19252E8}.Release|Any CPU.Build.0 = Release|Any CPU
	EndGlobalSection
	GlobalSection(SolutionProperties) = preSolution
		HideSolutionNode = FALSE
	EndGlobalSection
	GlobalSection(ExtensibilityGlobals) = postSolution
		SolutionGuid = {2A3D8A9A-482D-42C2-8E9A-6272C2497D59}
	EndGlobalSection
EndGlobal
