
Microsoft Visual Studio Solution File, Format Version 12.00
# Visual Studio 15
VisualStudioVersion = 15.0.27428.2037
MinimumVisualStudioVersion = 10.0.40219.1
Project("{FAE04EC0-301F-11D3-BF4B-00C04F79EFBC}") = "FastCorpseDecay", "FastCorpseDecay.csproj", "{EB388B2B-18DE-49B8-A7E2-0868AAA251FC}"
EndProject
Global
	GlobalSection(SolutionConfigurationPlatforms) = preSolution
		Debug|Any CPU = Debug|Any CPU
		Release|Any CPU = Release|Any CPU
	EndGlobalSection
	GlobalSection(ProjectConfigurationPlatforms) = postSolution
		{EB388B2B-18DE-49B8-A7E2-0868AAA251FC}.Debug|Any CPU.ActiveCfg = Debug|Any CPU
		{EB388B2B-18DE-49B8-A7E2-0868AAA251FC}.Debug|Any CPU.Build.0 = Debug|Any CPU
		{EB388B2B-18DE-49B8-A7E2-0868AAA251FC}.Release|Any CPU.ActiveCfg = Release|Any CPU
		{EB388B2B-18DE-49B8-A7E2-0868AAA251FC}.Release|Any CPU.Build.0 = Release|Any CPU
	EndGlobalSection
	GlobalSection(SolutionProperties) = preSolution
		HideSolutionNode = FALSE
	EndGlobalSection
	GlobalSection(ExtensibilityGlobals) = postSolution
		SolutionGuid = {994E1680-D41A-4572-9138-312C656DE24D}
	EndGlobalSection
EndGlobal
