
Microsoft Visual Studio Solution File, Format Version 12.00
# Visual Studio Version 16
VisualStudioVersion = 16.0.30611.23
MinimumVisualStudioVersion = 10.0.40219.1
Project("{FAE04EC0-301F-11D3-BF4B-00C04F79EFBC}") = "ScenarioAdditions", "ScenarioAdditions.csproj", "{49986441-EC89-45F8-B905-186E455B6F9C}"
EndProject
Global
	GlobalSection(SolutionConfigurationPlatforms) = preSolution
		Debug|Any CPU = Debug|Any CPU
		Release|Any CPU = Release|Any CPU
	EndGlobalSection
	GlobalSection(ProjectConfigurationPlatforms) = postSolution
		{49986441-EC89-45F8-B905-186E455B6F9C}.Debug|Any CPU.ActiveCfg = Debug|Any CPU
		{49986441-EC89-45F8-B905-186E455B6F9C}.Debug|Any CPU.Build.0 = Debug|Any CPU
		{49986441-EC89-45F8-B905-186E455B6F9C}.Release|Any CPU.ActiveCfg = Release|Any CPU
		{49986441-EC89-45F8-B905-186E455B6F9C}.Release|Any CPU.Build.0 = Release|Any CPU
	EndGlobalSection
	GlobalSection(SolutionProperties) = preSolution
		HideSolutionNode = FALSE
	EndGlobalSection
	GlobalSection(ExtensibilityGlobals) = postSolution
		SolutionGuid = {1D9E7982-42FF-4544-90BB-75F66EFC4A17}
	EndGlobalSection
EndGlobal
